// !$*UTF8*$!
{
	archiveVersion = 1;
	classes = {
	};
	objectVersion = 46;
	objects = {

/* Begin PBXBuildFile section */
		8583C4FC1CA8A5BC00F9166A /* AppDelegate.swift in Sources */ = {isa = PBXBuildFile; fileRef = 8583C4FB1CA8A5BC00F9166A /* AppDelegate.swift */; };
		8583C4FE1CA8A5BC00F9166A /* ViewController.swift in Sources */ = {isa = PBXBuildFile; fileRef = 8583C4FD1CA8A5BC00F9166A /* ViewController.swift */; };
		8583C5011CA8A5BC00F9166A /* Main.storyboard in Resources */ = {isa = PBXBuildFile; fileRef = 8583C4FF1CA8A5BC00F9166A /* Main.storyboard */; };
		8583C5031CA8A5BC00F9166A /* Assets.xcassets in Resources */ = {isa = PBXBuildFile; fileRef = 8583C5021CA8A5BC00F9166A /* Assets.xcassets */; };
		8583C5061CA8A5BC00F9166A /* LaunchScreen.storyboard in Resources */ = {isa = PBXBuildFile; fileRef = 8583C5041CA8A5BC00F9166A /* LaunchScreen.storyboard */; };
		8583C5111CA8A5BC00F9166A /* Assignment3Tests.swift in Sources */ = {isa = PBXBuildFile; fileRef = 8583C5101CA8A5BC00F9166A /* Assignment3Tests.swift */; };
		8583C51C1CA8A5BC00F9166A /* Assignment3UITests.swift in Sources */ = {isa = PBXBuildFile; fileRef = 8583C51B1CA8A5BC00F9166A /* Assignment3UITests.swift */; };
/* End PBXBuildFile section */

/* Begin PBXContainerItemProxy section */
		8583C50D1CA8A5BC00F9166A /* PBXContainerItemProxy */ = {
			isa = PBXContainerItemProxy;
			containerPortal = 8583C4F01CA8A5BC00F9166A /* Project object */;
			proxyType = 1;
			remoteGlobalIDString = 8583C4F71CA8A5BC00F9166A;
			remoteInfo = Assignment3;
		};
		8583C5181CA8A5BC00F9166A /* PBXContainerItemProxy */ = {
			isa = PBXContainerItemProxy;
			containerPortal = 8583C4F01CA8A5BC00F9166A /* Project object */;
			proxyType = 1;
			remoteGlobalIDString = 8583C4F71CA8A5BC00F9166A;
			remoteInfo = Assignment3;
		};
/* End PBXContainerItemProxy section */

/* Begin PBXFileReference section */
		8583C4F81CA8A5BC00F9166A /* Assignment3.app */ = {isa = PBXFileReference; explicitFileType = wrapper.application; includeInIndex = 0; path = Assignment3.app; sourceTree = BUILT_PRODUCTS_DIR; };
		8583C4FB1CA8A5BC00F9166A /* AppDelegate.swift */ = {isa = PBXFileReference; lastKnownFileType = sourcecode.swift; path = AppDelegate.swift; sourceTree = "<group>"; };
		8583C4FD1CA8A5BC00F9166A /* ViewController.swift */ = {isa = PBXFileReference; lastKnownFileType = sourcecode.swift; path = ViewController.swift; sourceTree = "<group>"; };
		8583C5001CA8A5BC00F9166A /* Base */ = {isa = PBXFileReference; lastKnownFileType = file.storyboard; name = Base; path = Base.lproj/Main.storyboard; sourceTree = "<group>"; };
		8583C5021CA8A5BC00F9166A /* Assets.xcassets */ = {isa = PBXFileReference; lastKnownFileType = folder.assetcatalog; path = Assets.xcassets; sourceTree = "<group>"; };
		8583C5051CA8A5BC00F9166A /* Base */ = {isa = PBXFileReference; lastKnownFileType = file.storyboard; name = Base; path = Base.lproj/LaunchScreen.storyboard; sourceTree = "<group>"; };
		8583C5071CA8A5BC00F9166A /* Info.plist */ = {isa = PBXFileReference; lastKnownFileType = text.plist.xml; path = Info.plist; sourceTree = "<group>"; };
		8583C50C1CA8A5BC00F9166A /* Assignment3Tests.xctest */ = {isa = PBXFileReference; explicitFileType = wrapper.cfbundle; includeInIndex = 0; path = Assignment3Tests.xctest; sourceTree = BUILT_PRODUCTS_DIR; };
		8583C5101CA8A5BC00F9166A /* Assignment3Tests.swift */ = {isa = PBXFileReference; lastKnownFileType = sourcecode.swift; path = Assignment3Tests.swift; sourceTree = "<group>"; };
		8583C5121CA8A5BC00F9166A /* Info.plist */ = {isa = PBXFileReference; lastKnownFileType = text.plist.xml; path = Info.plist; sourceTree = "<group>"; };
		8583C5171CA8A5BC00F9166A /* Assignment3UITests.xctest */ = {isa = PBXFileReference; explicitFileType = wrapper.cfbundle; includeInIndex = 0; path = Assignment3UITests.xctest; sourceTree = BUILT_PRODUCTS_DIR; };
		8583C51B1CA8A5BC00F9166A /* Assignment3UITests.swift */ = {isa = PBXFileReference; lastKnownFileType = sourcecode.swift; path = Assignment3UITests.swift; sourceTree = "<group>"; };
		8583C51D1CA8A5BC00F9166A /* Info.plist */ = {isa = PBXFileReference; lastKnownFileType = text.plist.xml; path = Info.plist; sourceTree = "<group>"; };
/* End PBXFileReference section */

/* Begin PBXFrameworksBuildPhase section */
		8583C4F51CA8A5BC00F9166A /* Frameworks */ = {
			isa = PBXFrameworksBuildPhase;
			buildActionMask = 2147483647;
			files = (
			);
			runOnlyForDeploymentPostprocessing = 0;
		};
		8583C5091CA8A5BC00F9166A /* Frameworks */ = {
			isa = PBXFrameworksBuildPhase;
			buildActionMask = 2147483647;
			files = (
			);
			runOnlyForDeploymentPostprocessing = 0;
		};
		8583C5141CA8A5BC00F9166A /* Frameworks */ = {
			isa = PBXFrameworksBuildPhase;
			buildActionMask = 2147483647;
			files = (
			);
			runOnlyForDeploymentPostprocessing = 0;
		};
/* End PBXFrameworksBuildPhase section */

/* Begin PBXGroup section */
		8583C4EF1CA8A5BC00F9166A = {
			isa = PBXGroup;
			children = (
				8583C4FA1CA8A5BC00F9166A /* Assignment3 */,
				8583C50F1CA8A5BC00F9166A /* Assignment3Tests */,
				8583C51A1CA8A5BC00F9166A /* Assignment3UITests */,
				8583C4F91CA8A5BC00F9166A /* Products */,
			);
			sourceTree = "<group>";
		};
		8583C4F91CA8A5BC00F9166A /* Products */ = {
			isa = PBXGroup;
			children = (
				8583C4F81CA8A5BC00F9166A /* Assignment3.app */,
				8583C50C1CA8A5BC00F9166A /* Assignment3Tests.xctest */,
				8583C5171CA8A5BC00F9166A /* Assignment3UITests.xctest */,
			);
			name = Products;
			sourceTree = "<group>";
		};
		8583C4FA1CA8A5BC00F9166A /* Assignment3 */ = {
			isa = PBXGroup;
			children = (
				8583C4FB1CA8A5BC00F9166A /* AppDelegate.swift */,
				8583C4FD1CA8A5BC00F9166A /* ViewController.swift */,
				8583C4FF1CA8A5BC00F9166A /* Main.storyboard */,
				8583C5021CA8A5BC00F9166A /* Assets.xcassets */,
				8583C5041CA8A5BC00F9166A /* LaunchScreen.storyboard */,
				8583C5071CA8A5BC00F9166A /* Info.plist */,
			);
			path = Assignment3;
			sourceTree = "<group>";
		};
		8583C50F1CA8A5BC00F9166A /* Assignment3Tests */ = {
			isa = PBXGroup;
			children = (
				8583C5101CA8A5BC00F9166A /* Assignment3Tests.swift */,
				8583C5121CA8A5BC00F9166A /* Info.plist */,
			);
			path = Assignment3Tests;
			sourceTree = "<group>";
		};
		8583C51A1CA8A5BC00F9166A /* Assignment3UITests */ = {
			isa = PBXGroup;
			children = (
				8583C51B1CA8A5BC00F9166A /* Assignment3UITests.swift */,
				8583C51D1CA8A5BC00F9166A /* Info.plist */,
			);
			path = Assignment3UITests;
			sourceTree = "<group>";
		};
/* End PBXGroup section */

/* Begin PBXNativeTarget section */
		8583C4F71CA8A5BC00F9166A /* Assignment3 */ = {
			isa = PBXNativeTarget;
			buildConfigurationList = 8583C5201CA8A5BC00F9166A /* Build configuration list for PBXNativeTarget "Assignment3" */;
			buildPhases = (
				8583C4F41CA8A5BC00F9166A /* Sources */,
				8583C4F51CA8A5BC00F9166A /* Frameworks */,
				8583C4F61CA8A5BC00F9166A /* Resources */,
			);
			buildRules = (
			);
			dependencies = (
			);
			name = Assignment3;
			productName = Assignment3;
			productReference = 8583C4F81CA8A5BC00F9166A /* Assignment3.app */;
			productType = "com.apple.product-type.application";
		};
		8583C50B1CA8A5BC00F9166A /* Assignment3Tests */ = {
			isa = PBXNativeTarget;
			buildConfigurationList = 8583C5231CA8A5BC00F9166A /* Build configuration list for PBXNativeTarget "Assignment3Tests" */;
			buildPhases = (
				8583C5081CA8A5BC00F9166A /* Sources */,
				8583C5091CA8A5BC00F9166A /* Frameworks */,
				8583C50A1CA8A5BC00F9166A /* Resources */,
			);
			buildRules = (
			);
			dependencies = (
				8583C50E1CA8A5BC00F9166A /* PBXTargetDependency */,
			);
			name = Assignment3Tests;
			productName = Assignment3Tests;
			productReference = 8583C50C1CA8A5BC00F9166A /* Assignment3Tests.xctest */;
			productType = "com.apple.product-type.bundle.unit-test";
		};
		8583C5161CA8A5BC00F9166A /* Assignment3UITests */ = {
			isa = PBXNativeTarget;
			buildConfigurationList = 8583C5261CA8A5BC00F9166A /* Build configuration list for PBXNativeTarget "Assignment3UITests" */;
			buildPhases = (
				8583C5131CA8A5BC00F9166A /* Sources */,
				8583C5141CA8A5BC00F9166A /* Frameworks */,
				8583C5151CA8A5BC00F9166A /* Resources */,
			);
			buildRules = (
			);
			dependencies = (
				8583C5191CA8A5BC00F9166A /* PBXTargetDependency */,
			);
			name = Assignment3UITests;
			productName = Assignment3UITests;
			productReference = 8583C5171CA8A5BC00F9166A /* Assignment3UITests.xctest */;
			productType = "com.apple.product-type.bundle.ui-testing";
		};
/* End PBXNativeTarget section */

/* Begin PBXProject section */
		8583C4F01CA8A5BC00F9166A /* Project object */ = {
			isa = PBXProject;
			attributes = {
				LastSwiftUpdateCheck = 0730;
				LastUpgradeCheck = 0730;
				ORGANIZATIONNAME = "Andrew Stepien";
				TargetAttributes = {
					8583C4F71CA8A5BC00F9166A = {
						CreatedOnToolsVersion = 7.3;
					};
					8583C50B1CA8A5BC00F9166A = {
						CreatedOnToolsVersion = 7.3;
						TestTargetID = 8583C4F71CA8A5BC00F9166A;
					};
					8583C5161CA8A5BC00F9166A = {
						CreatedOnToolsVersion = 7.3;
						TestTargetID = 8583C4F71CA8A5BC00F9166A;
					};
				};
			};
			buildConfigurationList = 8583C4F31CA8A5BC00F9166A /* Build configuration list for PBXProject "Assignment3" */;
			compatibilityVersion = "Xcode 3.2";
			developmentRegion = English;
			hasScannedForEncodings = 0;
			knownRegions = (
				en,
				Base,
			);
			mainGroup = 8583C4EF1CA8A5BC00F9166A;
			productRefGroup = 8583C4F91CA8A5BC00F9166A /* Products */;
			projectDirPath = "";
			projectRoot = "";
			targets = (
				8583C4F71CA8A5BC00F9166A /* Assignment3 */,
				8583C50B1CA8A5BC00F9166A /* Assignment3Tests */,
				8583C5161CA8A5BC00F9166A /* Assignment3UITests */,
			);
		};
/* End PBXProject section */

/* Begin PBXResourcesBuildPhase section */
		8583C4F61CA8A5BC00F9166A /* Resources */ = {
			isa = PBXResourcesBuildPhase;
			buildActionMask = 2147483647;
			files = (
				8583C5061CA8A5BC00F9166A /* LaunchScreen.storyboard in Resources */,
				8583C5031CA8A5BC00F9166A /* Assets.xcassets in Resources */,
				8583C5011CA8A5BC00F9166A /* Main.storyboard in Resources */,
			);
			runOnlyForDeploymentPostprocessing = 0;
		};
		8583C50A1CA8A5BC00F9166A /* Resources */ = {
			isa = PBXResourcesBuildPhase;
			buildActionMask = 2147483647;
			files = (
			);
			runOnlyForDeploymentPostprocessing = 0;
		};
		8583C5151CA8A5BC00F9166A /* Resources */ = {
			isa = PBXResourcesBuildPhase;
			buildActionMask = 2147483647;
			files = (
			);
			runOnlyForDeploymentPostprocessing = 0;
		};
/* End PBXResourcesBuildPhase section */

/* Begin PBXSourcesBuildPhase section */
		8583C4F41CA8A5BC00F9166A /* Sources */ = {
			isa = PBXSourcesBuildPhase;
			buildActionMask = 2147483647;
			files = (
				8583C4FE1CA8A5BC00F9166A /* ViewController.swift in Sources */,
				8583C4FC1CA8A5BC00F9166A /* AppDelegate.swift in Sources */,
			);
			runOnlyForDeploymentPostprocessing = 0;
		};
		8583C5081CA8A5BC00F9166A /* Sources */ = {
			isa = PBXSourcesBuildPhase;
			buildActionMask = 2147483647;
			files = (
				8583C5111CA8A5BC00F9166A /* Assignment3Tests.swift in Sources */,
			);
			runOnlyForDeploymentPostprocessing = 0;
		};
		8583C5131CA8A5BC00F9166A /* Sources */ = {
			isa = PBXSourcesBuildPhase;
			buildActionMask = 2147483647;
			files = (
				8583C51C1CA8A5BC00F9166A /* Assignment3UITests.swift in Sources */,
			);
			runOnlyForDeploymentPostprocessing = 0;
		};
/* End PBXSourcesBuildPhase section */

/* Begin PBXTargetDependency section */
		8583C50E1CA8A5BC00F9166A /* PBXTargetDependency */ = {
			isa = PBXTargetDependency;
			target = 8583C4F71CA8A5BC00F9166A /* Assignment3 */;
			targetProxy = 8583C50D1CA8A5BC00F9166A /* PBXContainerItemProxy */;
		};
		8583C5191CA8A5BC00F9166A /* PBXTargetDependency */ = {
			isa = PBXTargetDependency;
			target = 8583C4F71CA8A5BC00F9166A /* Assignment3 */;
			targetProxy = 8583C5181CA8A5BC00F9166A /* PBXContainerItemProxy */;
		};
/* End PBXTargetDependency section */

/* Begin PBXVariantGroup section */
		8583C4FF1CA8A5BC00F9166A /* Main.storyboard */ = {
			isa = PBXVariantGroup;
			children = (
				8583C5001CA8A5BC00F9166A /* Base */,
			);
			name = Main.storyboard;
			sourceTree = "<group>";
		};
		8583C5041CA8A5BC00F9166A /* LaunchScreen.storyboard */ = {
			isa = PBXVariantGroup;
			children = (
				8583C5051CA8A5BC00F9166A /* Base */,
			);
			name = LaunchScreen.storyboard;
			sourceTree = "<group>";
		};
/* End PBXVariantGroup section */

/* Begin XCBuildConfiguration section */
		8583C51E1CA8A5BC00F9166A /* Debug */ = {
			isa = XCBuildConfiguration;
			buildSettings = {
				ALWAYS_SEARCH_USER_PATHS = NO;
				CLANG_ANALYZER_NONNULL = YES;
				CLANG_CXX_LANGUAGE_STANDARD = "gnu++0x";
				CLANG_CXX_LIBRARY = "libc++";
				CLANG_ENABLE_MODULES = YES;
				CLANG_ENABLE_OBJC_ARC = YES;
				CLANG_WARN_BOOL_CONVERSION = YES;
				CLANG_WARN_CONSTANT_CONVERSION = YES;
				CLANG_WARN_DIRECT_OBJC_ISA_USAGE = YES_ERROR;
				CLANG_WARN_EMPTY_BODY = YES;
				CLANG_WARN_ENUM_CONVERSION = YES;
				CLANG_WARN_INT_CONVERSION = YES;
				CLANG_WARN_OBJC_ROOT_CLASS = YES_ERROR;
				CLANG_WARN_UNREACHABLE_CODE = YES;
				CLANG_WARN__DUPLICATE_METHOD_MATCH = YES;
				"CODE_SIGN_IDENTITY[sdk=iphoneos*]" = "iPhone Developer";
				COPY_PHASE_STRIP = NO;
				DEBUG_INFORMATION_FORMAT = dwarf;
				ENABLE_STRICT_OBJC_MSGSEND = YES;
				ENABLE_TESTABILITY = YES;
				GCC_C_LANGUAGE_STANDARD = gnu99;
				GCC_DYNAMIC_NO_PIC = NO;
				GCC_NO_COMMON_BLOCKS = YES;
				GCC_OPTIMIZATION_LEVEL = 0;
				GCC_PREPROCESSOR_DEFINITIONS = (
					"DEBUG=1",
					"$(inherited)",
				);
				GCC_WARN_64_TO_32_BIT_CONVERSION = YES;
				GCC_WARN_ABOUT_RETURN_TYPE = YES_ERROR;
				GCC_WARN_UNDECLARED_SELECTOR = YES;
				GCC_WARN_UNINITIALIZED_AUTOS = YES_AGGRESSIVE;
				GCC_WARN_UNUSED_FUNCTION = YES;
				GCC_WARN_UNUSED_VARIABLE = YES;
				IPHONEOS_DEPLOYMENT_TARGET = 9.3;
				MTL_ENABLE_DEBUG_INFO = YES;
				ONLY_ACTIVE_ARCH = YES;
				SDKROOT = iphoneos;
				SWIFT_OPTIMIZATION_LEVEL = "-Onone";
				TARGETED_DEVICE_FAMILY = "1,2";
			};
			name = Debug;
		};
		8583C51F1CA8A5BC00F9166A /* Release */ = {
			isa = XCBuildConfiguration;
			buildSettings = {
				ALWAYS_SEARCH_USER_PATHS = NO;
				CLANG_ANALYZER_NONNULL = YES;
				CLANG_CXX_LANGUAGE_STANDARD = "gnu++0x";
				CLANG_CXX_LIBRARY = "libc++";
				CLANG_ENABLE_MODULES = YES;
				CLANG_ENABLE_OBJC_ARC = YES;
				CLANG_WARN_BOOL_CONVERSION = YES;
				CLANG_WARN_CONSTANT_CONVERSION = YES;
				CLANG_WARN_DIRECT_OBJC_ISA_USAGE = YES_ERROR;
				CLANG_WARN_EMPTY_BODY = YES;
				CLANG_WARN_ENUM_CONVERSION = YES;
				CLANG_WARN_INT_CONVERSION = YES;
				CLANG_WARN_OBJC_ROOT_CLASS = YES_ERROR;
				CLANG_WARN_UNREACHABLE_CODE = YES;
				CLANG_WARN__DUPLICATE_METHOD_MATCH = YES;
				"CODE_SIGN_IDENTITY[sdk=iphoneos*]" = "iPhone Developer";
				COPY_PHASE_STRIP = NO;
				DEBUG_INFORMATION_FORMAT = "dwarf-with-dsym";
				ENABLE_NS_ASSERTIONS = NO;
				ENABLE_STRICT_OBJC_MSGSEND = YES;
				GCC_C_LANGUAGE_STANDARD = gnu99;
				GCC_NO_COMMON_BLOCKS = YES;
				GCC_WARN_64_TO_32_BIT_CONVERSION = YES;
				GCC_WARN_ABOUT_RETURN_TYPE = YES_ERROR;
				GCC_WARN_UNDECLARED_SELECTOR = YES;
				GCC_WARN_UNINITIALIZED_AUTOS = YES_AGGRESSIVE;
				GCC_WARN_UNUSED_FUNCTION = YES;
				GCC_WARN_UNUSED_VARIABLE = YES;
				IPHONEOS_DEPLOYMENT_TARGET = 9.3;
				MTL_ENABLE_DEBUG_INFO = NO;
				SDKROOT = iphoneos;
				TARGETED_DEVICE_FAMILY = "1,2";
				VALIDATE_PRODUCT = YES;
			};
			name = Release;
		};
		8583C5211CA8A5BC00F9166A /* Debug */ = {
			isa = XCBuildConfiguration;
			buildSettings = {
				ASSETCATALOG_COMPILER_APPICON_NAME = AppIcon;
				INFOPLIST_FILE = Assignment3/Info.plist;
				LD_RUNPATH_SEARCH_PATHS = "$(inherited) @executable_path/Frameworks";
				PRODUCT_BUNDLE_IDENTIFIER = chapman.edu.Assignment3;
				PRODUCT_NAME = "$(TARGET_NAME)";
			};
			name = Debug;
		};
		8583C5221CA8A5BC00F9166A /* Release */ = {
			isa = XCBuildConfiguration;
			buildSettings = {
				ASSETCATALOG_COMPILER_APPICON_NAME = AppIcon;
				INFOPLIST_FILE = Assignment3/Info.plist;
				LD_RUNPATH_SEARCH_PATHS = "$(inherited) @executable_path/Frameworks";
				PRODUCT_BUNDLE_IDENTIFIER = chapman.edu.Assignment3;
				PRODUCT_NAME = "$(TARGET_NAME)";
			};
			name = Release;
		};
		8583C5241CA8A5BC00F9166A /* Debug */ = {
			isa = XCBuildConfiguration;
			buildSettings = {
				BUNDLE_LOADER = "$(TEST_HOST)";
				INFOPLIST_FILE = Assignment3Tests/Info.plist;
				LD_RUNPATH_SEARCH_PATHS = "$(inherited) @executable_path/Frameworks @loader_path/Frameworks";
				PRODUCT_BUNDLE_IDENTIFIER = chapman.edu.Assignment3Tests;
				PRODUCT_NAME = "$(TARGET_NAME)";
				TEST_HOST = "$(BUILT_PRODUCTS_DIR)/Assignment3.app/Assignment3";
			};
			name = Debug;
		};
		8583C5251CA8A5BC00F9166A /* Release */ = {
			isa = XCBuildConfiguration;
			buildSettings = {
				BUNDLE_LOADER = "$(TEST_HOST)";
				INFOPLIST_FILE = Assignment3Tests/Info.plist;
				LD_RUNPATH_SEARCH_PATHS = "$(inherited) @executable_path/Frameworks @loader_path/Frameworks";
				PRODUCT_BUNDLE_IDENTIFIER = chapman.edu.Assignment3Tests;
				PRODUCT_NAME = "$(TARGET_NAME)";
				TEST_HOST = "$(BUILT_PRODUCTS_DIR)/Assignment3.app/Assignment3";
			};
			name = Release;
		};
		8583C5271CA8A5BC00F9166A /* Debug */ = {
			isa = XCBuildConfiguration;
			buildSettings = {
				INFOPLIST_FILE = Assignment3UITests/Info.plist;
				LD_RUNPATH_SEARCH_PATHS = "$(inherited) @executable_path/Frameworks @loader_path/Frameworks";
				PRODUCT_BUNDLE_IDENTIFIER = chapman.edu.Assignment3UITests;
				PRODUCT_NAME = "$(TARGET_NAME)";
				TEST_TARGET_NAME = Assignment3;
			};
			name = Debug;
		};
		8583C5281CA8A5BC00F9166A /* Release */ = {
			isa = XCBuildConfiguration;
			buildSettings = {
				INFOPLIST_FILE = Assignment3UITests/Info.plist;
				LD_RUNPATH_SEARCH_PATHS = "$(inherited) @executable_path/Frameworks @loader_path/Frameworks";
				PRODUCT_BUNDLE_IDENTIFIER = chapman.edu.Assignment3UITests;
				PRODUCT_NAME = "$(TARGET_NAME)";
				TEST_TARGET_NAME = Assignment3;
			};
			name = Release;
		};
/* End XCBuildConfiguration section */

/* Begin XCConfigurationList section */
		8583C4F31CA8A5BC00F9166A /* Build configuration list for PBXProject "Assignment3" */ = {
			isa = XCConfigurationList;
			buildConfigurations = (
				8583C51E1CA8A5BC00F9166A /* Debug */,
				8583C51F1CA8A5BC00F9166A /* Release */,
			);
			defaultConfigurationIsVisible = 0;
			defaultConfigurationName = Release;
		};
		8583C5201CA8A5BC00F9166A /* Build configuration list for PBXNativeTarget "Assignment3" */ = {
			isa = XCConfigurationList;
			buildConfigurations = (
				8583C5211CA8A5BC00F9166A /* Debug */,
				8583C5221CA8A5BC00F9166A /* Release */,
			);
			defaultConfigurationIsVisible = 0;
		};
		8583C5231CA8A5BC00F9166A /* Build configuration list for PBXNativeTarget "Assignment3Tests" */ = {
			isa = XCConfigurationList;
			buildConfigurations = (
				8583C5241CA8A5BC00F9166A /* Debug */,
				8583C5251CA8A5BC00F9166A /* Release */,
			);
			defaultConfigurationIsVisible = 0;
		};
		8583C5261CA8A5BC00F9166A /* Build configuration list for PBXNativeTarget "Assignment3UITests" */ = {
			isa = XCConfigurationList;
			buildConfigurations = (
				8583C5271CA8A5BC00F9166A /* Debug */,
				8583C5281CA8A5BC00F9166A /* Release */,
			);
			defaultConfigurationIsVisible = 0;
		};
/* End XCConfigurationList section */
	};
	rootObject = 8583C4F01CA8A5BC00F9166A /* Project object */;
}
